
Microsoft Visual Studio Solution File, Format Version 12.00
# Visual Studio Version 17
VisualStudioVersion = 17.6.33829.357
MinimumVisualStudioVersion = 10.0.40219.1
Project("{FAE04EC0-301F-11D3-BF4B-00C04F79EFBC}") = "GitHubTest", "GitHubTest\GitHubTest.csproj", "{AB16ED1C-CED8-48DD-889A-53502169144D}"
EndProject
Global
	GlobalSection(SolutionConfigurationPlatforms) = preSolution
		2021Debug|Any CPU = 2021Debug|Any CPU
		2021Release|Any CPU = 2021Release|Any CPU
		2022Debug|Any CPU = 2022Debug|Any CPU
		2022Release|Any CPU = 2022Release|Any CPU
		2023Debug|Any CPU = 2023Debug|Any CPU
		2023Release|Any CPU = 2023Release|Any CPU
		2024Debug|Any CPU = 2024Debug|Any CPU
		2024Release|Any CPU = 2024Release|Any CPU
	EndGlobalSection
	GlobalSection(ProjectConfigurationPlatforms) = postSolution
		{AB16ED1C-CED8-48DD-889A-53502169144D}.2021Debug|Any CPU.ActiveCfg = 2021Debug|Any CPU
		{AB16ED1C-CED8-48DD-889A-53502169144D}.2021Debug|Any CPU.Build.0 = 2021Debug|Any CPU
		{AB16ED1C-CED8-48DD-889A-53502169144D}.2021Release|Any CPU.ActiveCfg = 2021Release|Any CPU
		{AB16ED1C-CED8-48DD-889A-53502169144D}.2021Release|Any CPU.Build.0 = 2021Release|Any CPU
		{AB16ED1C-CED8-48DD-889A-53502169144D}.2022Debug|Any CPU.ActiveCfg = 2022Debug|Any CPU
		{AB16ED1C-CED8-48DD-889A-53502169144D}.2022Debug|Any CPU.Build.0 = 2022Debug|Any CPU
		{AB16ED1C-CED8-48DD-889A-53502169144D}.2022Release|Any CPU.ActiveCfg = 2022Release|Any CPU
		{AB16ED1C-CED8-48DD-889A-53502169144D}.2022Release|Any CPU.Build.0 = 2022Release|Any CPU
		{AB16ED1C-CED8-48DD-889A-53502169144D}.2023Debug|Any CPU.ActiveCfg = 2023Debug|Any CPU
		{AB16ED1C-CED8-48DD-889A-53502169144D}.2023Debug|Any CPU.Build.0 = 2023Debug|Any CPU
		{AB16ED1C-CED8-48DD-889A-53502169144D}.2023Release|Any CPU.ActiveCfg = 2023Release|Any CPU
		{AB16ED1C-CED8-48DD-889A-53502169144D}.2023Release|Any CPU.Build.0 = 2023Release|Any CPU
		{AB16ED1C-CED8-48DD-889A-53502169144D}.2024Debug|Any CPU.ActiveCfg = 2024Debug|Any CPU
		{AB16ED1C-CED8-48DD-889A-53502169144D}.2024Debug|Any CPU.Build.0 = 2024Debug|Any CPU
		{AB16ED1C-CED8-48DD-889A-53502169144D}.2024Release|Any CPU.ActiveCfg = 2024Release|Any CPU
		{AB16ED1C-CED8-48DD-889A-53502169144D}.2024Release|Any CPU.Build.0 = 2024Release|Any CPU
	EndGlobalSection
	GlobalSection(SolutionProperties) = preSolution
		HideSolutionNode = FALSE
	EndGlobalSection
	GlobalSection(ExtensibilityGlobals) = postSolution
		SolutionGuid = {EFFFCF4E-3C61-45FA-A98C-674F8F7D6FF0}
	EndGlobalSection
EndGlobal
